
Microsoft Visual Studio Solution File, Format Version 12.00
# Visual Studio 15
VisualStudioVersion = 15.0.27703.2042
MinimumVisualStudioVersion = 10.0.40219.1
Project("{FAE04EC0-301F-11D3-BF4B-00C04F79EFBC}") = "DemoStackLayaut.Android", "DemoStackLayaut\DemoStackLayaut.Android\DemoStackLayaut.Android.csproj", "{6831C52A-BCEE-4F67-954F-17E481E7E72D}"
EndProject
Project("{FAE04EC0-301F-11D3-BF4B-00C04F79EFBC}") = "DemoStackLayaut.iOS", "DemoStackLayaut\DemoStackLayaut.iOS\DemoStackLayaut.iOS.csproj", "{FBA88A0B-A428-434E-96A2-C3539CE409D7}"
EndProject
Project("{FAE04EC0-301F-11D3-BF4B-00C04F79EFBC}") = "DemoStackLayaut", "DemoStackLayaut\DemoStackLayaut\DemoStackLayaut.csproj", "{1C792D0A-CE4B-4E50-93A1-4975E71365BE}"
EndProject
Global
	GlobalSection(SolutionConfigurationPlatforms) = preSolution
		Ad-Hoc|Any CPU = Ad-Hoc|Any CPU
		Ad-Hoc|iPhone = Ad-Hoc|iPhone
		Ad-Hoc|iPhoneSimulator = Ad-Hoc|iPhoneSimulator
		AppStore|Any CPU = AppStore|Any CPU
		AppStore|iPhone = AppStore|iPhone
		AppStore|iPhoneSimulator = AppStore|iPhoneSimulator
		Debug|Any CPU = Debug|Any CPU
		Debug|iPhone = Debug|iPhone
		Debug|iPhoneSimulator = Debug|iPhoneSimulator
		Release|Any CPU = Release|Any CPU
		Release|iPhone = Release|iPhone
		Release|iPhoneSimulator = Release|iPhoneSimulator
	EndGlobalSection
	GlobalSection(ProjectConfigurationPlatforms) = postSolution
		{6831C52A-BCEE-4F67-954F-17E481E7E72D}.Ad-Hoc|Any CPU.ActiveCfg = Release|Any CPU
		{6831C52A-BCEE-4F67-954F-17E481E7E72D}.Ad-Hoc|Any CPU.Build.0 = Release|Any CPU
		{6831C52A-BCEE-4F67-954F-17E481E7E72D}.Ad-Hoc|Any CPU.Deploy.0 = Release|Any CPU
		{6831C52A-BCEE-4F67-954F-17E481E7E72D}.Ad-Hoc|iPhone.ActiveCfg = Release|Any CPU
		{6831C52A-BCEE-4F67-954F-17E481E7E72D}.Ad-Hoc|iPhone.Build.0 = Release|Any CPU
		{6831C52A-BCEE-4F67-954F-17E481E7E72D}.Ad-Hoc|iPhone.Deploy.0 = Release|Any CPU
		{6831C52A-BCEE-4F67-954F-17E481E7E72D}.Ad-Hoc|iPhoneSimulator.ActiveCfg = Release|Any CPU
		{6831C52A-BCEE-4F67-954F-17E481E7E72D}.Ad-Hoc|iPhoneSimulator.Build.0 = Release|Any CPU
		{6831C52A-BCEE-4F67-954F-17E481E7E72D}.Ad-Hoc|iPhoneSimulator.Deploy.0 = Release|Any CPU
		{6831C52A-BCEE-4F67-954F-17E481E7E72D}.AppStore|Any CPU.ActiveCfg = Release|Any CPU
		{6831C52A-BCEE-4F67-954F-17E481E7E72D}.AppStore|Any CPU.Build.0 = Release|Any CPU
		{6831C52A-BCEE-4F67-954F-17E481E7E72D}.AppStore|Any CPU.Deploy.0 = Release|Any CPU
		{6831C52A-BCEE-4F67-954F-17E481E7E72D}.AppStore|iPhone.ActiveCfg = Release|Any CPU
		{6831C52A-BCEE-4F67-954F-17E481E7E72D}.AppStore|iPhone.Build.0 = Release|Any CPU
		{6831C52A-BCEE-4F67-954F-17E481E7E72D}.AppStore|iPhone.Deploy.0 = Release|Any CPU
		{6831C52A-BCEE-4F67-954F-17E481E7E72D}.AppStore|iPhoneSimulator.ActiveCfg = Release|Any CPU
		{6831C52A-BCEE-4F67-954F-17E481E7E72D}.AppStore|iPhoneSimulator.Build.0 = Release|Any CPU
		{6831C52A-BCEE-4F67-954F-17E481E7E72D}.AppStore|iPhoneSimulator.Deploy.0 = Release|Any CPU
		{6831C52A-BCEE-4F67-954F-17E481E7E72D}.Debug|Any CPU.ActiveCfg = Debug|Any CPU
		{6831C52A-BCEE-4F67-954F-17E481E7E72D}.Debug|Any CPU.Build.0 = Debug|Any CPU
		{6831C52A-BCEE-4F67-954F-17E481E7E72D}.Debug|Any CPU.Deploy.0 = Debug|Any CPU
		{6831C52A-BCEE-4F67-954F-17E481E7E72D}.Debug|iPhone.ActiveCfg = Debug|Any CPU
		{6831C52A-BCEE-4F67-954F-17E481E7E72D}.Debug|iPhone.Build.0 = Debug|Any CPU
		{6831C52A-BCEE-4F67-954F-17E481E7E72D}.Debug|iPhone.Deploy.0 = Debug|Any CPU
		{6831C52A-BCEE-4F67-954F-17E481E7E72D}.Debug|iPhoneSimulator.ActiveCfg = Debug|Any CPU
		{6831C52A-BCEE-4F67-954F-17E481E7E72D}.Debug|iPhoneSimulator.Build.0 = Debug|Any CPU
		{6831C52A-BCEE-4F67-954F-17E481E7E72D}.Debug|iPhoneSimulator.Deploy.0 = Debug|Any CPU
		{6831C52A-BCEE-4F67-954F-17E481E7E72D}.Release|Any CPU.ActiveCfg = Release|Any CPU
		{6831C52A-BCEE-4F67-954F-17E481E7E72D}.Release|Any CPU.Build.0 = Release|Any CPU
		{6831C52A-BCEE-4F67-954F-17E481E7E72D}.Release|Any CPU.Deploy.0 = Release|Any CPU
		{6831C52A-BCEE-4F67-954F-17E481E7E72D}.Release|iPhone.ActiveCfg = Release|Any CPU
		{6831C52A-BCEE-4F67-954F-17E481E7E72D}.Release|iPhone.Build.0 = Release|Any CPU
		{6831C52A-BCEE-4F67-954F-17E481E7E72D}.Release|iPhone.Deploy.0 = Release|Any CPU
		{6831C52A-BCEE-4F67-954F-17E481E7E72D}.Release|iPhoneSimulator.ActiveCfg = Release|Any CPU
		{6831C52A-BCEE-4F67-954F-17E481E7E72D}.Release|iPhoneSimulator.Build.0 = Release|Any CPU
		{6831C52A-BCEE-4F67-954F-17E481E7E72D}.Release|iPhoneSimulator.Deploy.0 = Release|Any CPU
		{FBA88A0B-A428-434E-96A2-C3539CE409D7}.Ad-Hoc|Any CPU.ActiveCfg = Ad-Hoc|iPhone
		{FBA88A0B-A428-434E-96A2-C3539CE409D7}.Ad-Hoc|Any CPU.Build.0 = Ad-Hoc|iPhone
		{FBA88A0B-A428-434E-96A2-C3539CE409D7}.Ad-Hoc|Any CPU.Deploy.0 = Ad-Hoc|iPhone
		{FBA88A0B-A428-434E-96A2-C3539CE409D7}.Ad-Hoc|iPhone.ActiveCfg = Ad-Hoc|iPhone
		{FBA88A0B-A428-434E-96A2-C3539CE409D7}.Ad-Hoc|iPhone.Build.0 = Ad-Hoc|iPhone
		{FBA88A0B-A428-434E-96A2-C3539CE409D7}.Ad-Hoc|iPhone.Deploy.0 = Ad-Hoc|iPhone
		{FBA88A0B-A428-434E-96A2-C3539CE409D7}.Ad-Hoc|iPhoneSimulator.ActiveCfg = Ad-Hoc|iPhoneSimulator
		{FBA88A0B-A428-434E-96A2-C3539CE409D7}.Ad-Hoc|iPhoneSimulator.Build.0 = Ad-Hoc|iPhoneSimulator
		{FBA88A0B-A428-434E-96A2-C3539CE409D7}.Ad-Hoc|iPhoneSimulator.Deploy.0 = Ad-Hoc|iPhoneSimulator
		{FBA88A0B-A428-434E-96A2-C3539CE409D7}.AppStore|Any CPU.ActiveCfg = AppStore|iPhone
		{FBA88A0B-A428-434E-96A2-C3539CE409D7}.AppStore|Any CPU.Build.0 = AppStore|iPhone
		{FBA88A0B-A428-434E-96A2-C3539CE409D7}.AppStore|Any CPU.Deploy.0 = AppStore|iPhone
		{FBA88A0B-A428-434E-96A2-C3539CE409D7}.AppStore|iPhone.ActiveCfg = AppStore|iPhone
		{FBA88A0B-A428-434E-96A2-C3539CE409D7}.AppStore|iPhone.Build.0 = AppStore|iPhone
		{FBA88A0B-A428-434E-96A2-C3539CE409D7}.AppStore|iPhone.Deploy.0 = AppStore|iPhone
		{FBA88A0B-A428-434E-96A2-C3539CE409D7}.AppStore|iPhoneSimulator.ActiveCfg = AppStore|iPhoneSimulator
		{FBA88A0B-A428-434E-96A2-C3539CE409D7}.AppStore|iPhoneSimulator.Build.0 = AppStore|iPhoneSimulator
		{FBA88A0B-A428-434E-96A2-C3539CE409D7}.AppStore|iPhoneSimulator.Deploy.0 = AppStore|iPhoneSimulator
		{FBA88A0B-A428-434E-96A2-C3539CE409D7}.Debug|Any CPU.ActiveCfg = Debug|iPhoneSimulator
		{FBA88A0B-A428-434E-96A2-C3539CE409D7}.Debug|Any CPU.Build.0 = Debug|iPhoneSimulator
		{FBA88A0B-A428-434E-96A2-C3539CE409D7}.Debug|Any CPU.Deploy.0 = Debug|iPhoneSimulator
		{FBA88A0B-A428-434E-96A2-C3539CE409D7}.Debug|iPhone.ActiveCfg = Debug|iPhone
		{FBA88A0B-A428-434E-96A2-C3539CE409D7}.Debug|iPhone.Build.0 = Debug|iPhone
		{FBA88A0B-A428-434E-96A2-C3539CE409D7}.Debug|iPhone.Deploy.0 = Debug|iPhone
		{FBA88A0B-A428-434E-96A2-C3539CE409D7}.Debug|iPhoneSimulator.ActiveCfg = Debug|iPhoneSimulator
		{FBA88A0B-A428-434E-96A2-C3539CE409D7}.Debug|iPhoneSimulator.Build.0 = Debug|iPhoneSimulator
		{FBA88A0B-A428-434E-96A2-C3539CE409D7}.Debug|iPhoneSimulator.Deploy.0 = Debug|iPhoneSimulator
		{FBA88A0B-A428-434E-96A2-C3539CE409D7}.Release|Any CPU.ActiveCfg = Release|iPhone
		{FBA88A0B-A428-434E-96A2-C3539CE409D7}.Release|Any CPU.Build.0 = Release|iPhone
		{FBA88A0B-A428-434E-96A2-C3539CE409D7}.Release|Any CPU.Deploy.0 = Release|iPhone
		{FBA88A0B-A428-434E-96A2-C3539CE409D7}.Release|iPhone.ActiveCfg = Release|iPhone
		{FBA88A0B-A428-434E-96A2-C3539CE409D7}.Release|iPhone.Build.0 = Release|iPhone
		{FBA88A0B-A428-434E-96A2-C3539CE409D7}.Release|iPhone.Deploy.0 = Release|iPhone
		{FBA88A0B-A428-434E-96A2-C3539CE409D7}.Release|iPhoneSimulator.ActiveCfg = Release|iPhoneSimulator
		{FBA88A0B-A428-434E-96A2-C3539CE409D7}.Release|iPhoneSimulator.Build.0 = Release|iPhoneSimulator
		{FBA88A0B-A428-434E-96A2-C3539CE409D7}.Release|iPhoneSimulator.Deploy.0 = Release|iPhoneSimulator
		{1C792D0A-CE4B-4E50-93A1-4975E71365BE}.Ad-Hoc|Any CPU.ActiveCfg = Debug|Any CPU
		{1C792D0A-CE4B-4E50-93A1-4975E71365BE}.Ad-Hoc|Any CPU.Build.0 = Debug|Any CPU
		{1C792D0A-CE4B-4E50-93A1-4975E71365BE}.Ad-Hoc|Any CPU.Deploy.0 = Debug|Any CPU
		{1C792D0A-CE4B-4E50-93A1-4975E71365BE}.Ad-Hoc|iPhone.ActiveCfg = Debug|Any CPU
		{1C792D0A-CE4B-4E50-93A1-4975E71365BE}.Ad-Hoc|iPhone.Build.0 = Debug|Any CPU
		{1C792D0A-CE4B-4E50-93A1-4975E71365BE}.Ad-Hoc|iPhone.Deploy.0 = Debug|Any CPU
		{1C792D0A-CE4B-4E50-93A1-4975E71365BE}.Ad-Hoc|iPhoneSimulator.ActiveCfg = Debug|Any CPU
		{1C792D0A-CE4B-4E50-93A1-4975E71365BE}.Ad-Hoc|iPhoneSimulator.Build.0 = Debug|Any CPU
		{1C792D0A-CE4B-4E50-93A1-4975E71365BE}.Ad-Hoc|iPhoneSimulator.Deploy.0 = Debug|Any CPU
		{1C792D0A-CE4B-4E50-93A1-4975E71365BE}.AppStore|Any CPU.ActiveCfg = Debug|Any CPU
		{1C792D0A-CE4B-4E50-93A1-4975E71365BE}.AppStore|Any CPU.Build.0 = Debug|Any CPU
		{1C792D0A-CE4B-4E50-93A1-4975E71365BE}.AppStore|Any CPU.Deploy.0 = Debug|Any CPU
		{1C792D0A-CE4B-4E50-93A1-4975E71365BE}.AppStore|iPhone.ActiveCfg = Debug|Any CPU
		{1C792D0A-CE4B-4E50-93A1-4975E71365BE}.AppStore|iPhone.Build.0 = Debug|Any CPU
		{1C792D0A-CE4B-4E50-93A1-4975E71365BE}.AppStore|iPhone.Deploy.0 = Debug|Any CPU
		{1C792D0A-CE4B-4E50-93A1-4975E71365BE}.AppStore|iPhoneSimulator.ActiveCfg = Debug|Any CPU
		{1C792D0A-CE4B-4E50-93A1-4975E71365BE}.AppStore|iPhoneSimulator.Build.0 = Debug|Any CPU
		{1C792D0A-CE4B-4E50-93A1-4975E71365BE}.AppStore|iPhoneSimulator.Deploy.0 = Debug|Any CPU
		{1C792D0A-CE4B-4E50-93A1-4975E71365BE}.Debug|Any CPU.ActiveCfg = Debug|Any CPU
		{1C792D0A-CE4B-4E50-93A1-4975E71365BE}.Debug|Any CPU.Build.0 = Debug|Any CPU
		{1C792D0A-CE4B-4E50-93A1-4975E71365BE}.Debug|Any CPU.Deploy.0 = Debug|Any CPU
		{1C792D0A-CE4B-4E50-93A1-4975E71365BE}.Debug|iPhone.ActiveCfg = Debug|Any CPU
		{1C792D0A-CE4B-4E50-93A1-4975E71365BE}.Debug|iPhone.Build.0 = Debug|Any CPU
		{1C792D0A-CE4B-4E50-93A1-4975E71365BE}.Debug|iPhone.Deploy.0 = Debug|Any CPU
		{1C792D0A-CE4B-4E50-93A1-4975E71365BE}.Debug|iPhoneSimulator.ActiveCfg = Debug|Any CPU
		{1C792D0A-CE4B-4E50-93A1-4975E71365BE}.Debug|iPhoneSimulator.Build.0 = Debug|Any CPU
		{1C792D0A-CE4B-4E50-93A1-4975E71365BE}.Debug|iPhoneSimulator.Deploy.0 = Debug|Any CPU
		{1C792D0A-CE4B-4E50-93A1-4975E71365BE}.Release|Any CPU.ActiveCfg = Release|Any CPU
		{1C792D0A-CE4B-4E50-93A1-4975E71365BE}.Release|Any CPU.Build.0 = Release|Any CPU
		{1C792D0A-CE4B-4E50-93A1-4975E71365BE}.Release|Any CPU.Deploy.0 = Release|Any CPU
		{1C792D0A-CE4B-4E50-93A1-4975E71365BE}.Release|iPhone.ActiveCfg = Release|Any CPU
		{1C792D0A-CE4B-4E50-93A1-4975E71365BE}.Release|iPhone.Build.0 = Release|Any CPU
		{1C792D0A-CE4B-4E50-93A1-4975E71365BE}.Release|iPhone.Deploy.0 = Release|Any CPU
		{1C792D0A-CE4B-4E50-93A1-4975E71365BE}.Release|iPhoneSimulator.ActiveCfg = Release|Any CPU
		{1C792D0A-CE4B-4E50-93A1-4975E71365BE}.Release|iPhoneSimulator.Build.0 = Release|Any CPU
		{1C792D0A-CE4B-4E50-93A1-4975E71365BE}.Release|iPhoneSimulator.Deploy.0 = Release|Any CPU
	EndGlobalSection
	GlobalSection(SolutionProperties) = preSolution
		HideSolutionNode = FALSE
	EndGlobalSection
	GlobalSection(ExtensibilityGlobals) = postSolution
		SolutionGuid = {2CB8E733-05F6-4B19-86EB-011CF084D43E}
	EndGlobalSection
EndGlobal
